
Microsoft Visual Studio Solution File, Format Version 12.00
# Visual Studio Version 17
VisualStudioVersion = 17.4.33403.182
MinimumVisualStudioVersion = 10.0.40219.1
Project("{9A19103F-16F7-4668-BE54-9A1E7A4F7556}") = "ManagementTravel_MVC", "ManagementTravel_MVC\ManagementTravel_MVC.csproj", "{64F1DC9A-C9BC-4709-835A-CDE946D8CDF2}"
EndProject
Project("{9A19103F-16F7-4668-BE54-9A1E7A4F7556}") = "ManagementTravel_API", "ManagementTravel_API\ManagementTravel_API.csproj", "{2AA2FDBA-EEDE-4BBC-89CF-7624846CAA2A}"
EndProject
Project("{9A19103F-16F7-4668-BE54-9A1E7A4F7556}") = "Group5_Management_Library", "Group5_Management_Library\Group5_Management_Library.csproj", "{9F1B7F40-D550-42ED-988E-F656611443ED}"
EndProject
Project("{9A19103F-16F7-4668-BE54-9A1E7A4F7556}") = "API", "..\Travel\project_travel\API\API.csproj", "{DF963EE4-33C5-4444-95AD-ACD0EF175147}"
EndProject
Global
	GlobalSection(SolutionConfigurationPlatforms) = preSolution
		Debug|Any CPU = Debug|Any CPU
		Release|Any CPU = Release|Any CPU
	EndGlobalSection
	GlobalSection(ProjectConfigurationPlatforms) = postSolution
		{64F1DC9A-C9BC-4709-835A-CDE946D8CDF2}.Debug|Any CPU.ActiveCfg = Debug|Any CPU
		{64F1DC9A-C9BC-4709-835A-CDE946D8CDF2}.Debug|Any CPU.Build.0 = Debug|Any CPU
		{64F1DC9A-C9BC-4709-835A-CDE946D8CDF2}.Release|Any CPU.ActiveCfg = Release|Any CPU
		{64F1DC9A-C9BC-4709-835A-CDE946D8CDF2}.Release|Any CPU.Build.0 = Release|Any CPU
		{2AA2FDBA-EEDE-4BBC-89CF-7624846CAA2A}.Debug|Any CPU.ActiveCfg = Debug|Any CPU
		{2AA2FDBA-EEDE-4BBC-89CF-7624846CAA2A}.Debug|Any CPU.Build.0 = Debug|Any CPU
		{2AA2FDBA-EEDE-4BBC-89CF-7624846CAA2A}.Release|Any CPU.ActiveCfg = Release|Any CPU
		{2AA2FDBA-EEDE-4BBC-89CF-7624846CAA2A}.Release|Any CPU.Build.0 = Release|Any CPU
		{9F1B7F40-D550-42ED-988E-F656611443ED}.Debug|Any CPU.ActiveCfg = Debug|Any CPU
		{9F1B7F40-D550-42ED-988E-F656611443ED}.Debug|Any CPU.Build.0 = Debug|Any CPU
		{9F1B7F40-D550-42ED-988E-F656611443ED}.Release|Any CPU.ActiveCfg = Release|Any CPU
		{9F1B7F40-D550-42ED-988E-F656611443ED}.Release|Any CPU.Build.0 = Release|Any CPU
		{DF963EE4-33C5-4444-95AD-ACD0EF175147}.Debug|Any CPU.ActiveCfg = Debug|Any CPU
		{DF963EE4-33C5-4444-95AD-ACD0EF175147}.Debug|Any CPU.Build.0 = Debug|Any CPU
		{DF963EE4-33C5-4444-95AD-ACD0EF175147}.Release|Any CPU.ActiveCfg = Release|Any CPU
		{DF963EE4-33C5-4444-95AD-ACD0EF175147}.Release|Any CPU.Build.0 = Release|Any CPU
	EndGlobalSection
	GlobalSection(SolutionProperties) = preSolution
		HideSolutionNode = FALSE
	EndGlobalSection
	GlobalSection(ExtensibilityGlobals) = postSolution
		SolutionGuid = {4B972DF4-FE70-4821-B6C7-966B7521E07C}
	EndGlobalSection
EndGlobal
